// !$*UTF8*$!
{
	archiveVersion = 1;
	classes = {
	};
	objectVersion = 56;
	objects = {

/* Begin PBXBuildFile section */
		3054CD7B2AB0A50C00A352E8 /* WeatherApp.swift in Sources */ = {isa = PBXBuildFile; fileRef = 3054CD7A2AB0A50C00A352E8 /* WeatherApp.swift */; };
		3054CD7F2AB0A50E00A352E8 /* Assets.xcassets in Resources */ = {isa = PBXBuildFile; fileRef = 3054CD7E2AB0A50E00A352E8 /* Assets.xcassets */; };
		3054CD822AB0A50E00A352E8 /* Preview Assets.xcassets in Resources */ = {isa = PBXBuildFile; fileRef = 3054CD812AB0A50E00A352E8 /* Preview Assets.xcassets */; };
		3054CD912AB0A50E00A352E8 /* WeatherAppTests.swift in Sources */ = {isa = PBXBuildFile; fileRef = 3054CD902AB0A50E00A352E8 /* WeatherAppTests.swift */; };
		3054CD9B2AB0A50E00A352E8 /* WeatherAppUITests.swift in Sources */ = {isa = PBXBuildFile; fileRef = 3054CD9A2AB0A50E00A352E8 /* WeatherAppUITests.swift */; };
		3054CD9D2AB0A50E00A352E8 /* WeatherAppUITestsLaunchTests.swift in Sources */ = {isa = PBXBuildFile; fileRef = 3054CD9C2AB0A50E00A352E8 /* WeatherAppUITestsLaunchTests.swift */; };
		3054CDAA2AB0AA8400A352E8 /* CityListView.swift in Sources */ = {isa = PBXBuildFile; fileRef = 3054CDA92AB0AA8400A352E8 /* CityListView.swift */; };
		3054CDAC2AB0AA9300A352E8 /* CityDetailView.swift in Sources */ = {isa = PBXBuildFile; fileRef = 3054CDAB2AB0AA9300A352E8 /* CityDetailView.swift */; };
		3054CDB12AB1090F00A352E8 /* NetworkLayer.swift in Sources */ = {isa = PBXBuildFile; fileRef = 3054CDB02AB1090F00A352E8 /* NetworkLayer.swift */; };
		3054CDB32AB10A3800A352E8 /* City.swift in Sources */ = {isa = PBXBuildFile; fileRef = 3054CDB22AB10A3800A352E8 /* City.swift */; };
		3054CDB62AB10EAD00A352E8 /* CityListViewModel.swift in Sources */ = {isa = PBXBuildFile; fileRef = 3054CDB52AB10EAD00A352E8 /* CityListViewModel.swift */; };
		3054CDB82AB1B0B800A352E8 /* NetworkConfig.swift in Sources */ = {isa = PBXBuildFile; fileRef = 3054CDB72AB1B0B800A352E8 /* NetworkConfig.swift */; };
		3054CDBA2AB1BAAC00A352E8 /* RequestProtocol.swift in Sources */ = {isa = PBXBuildFile; fileRef = 3054CDB92AB1BAAC00A352E8 /* RequestProtocol.swift */; };
		3054CDBD2AB1BB2C00A352E8 /* ServiceLayer.swift in Sources */ = {isa = PBXBuildFile; fileRef = 3054CDBC2AB1BB2C00A352E8 /* ServiceLayer.swift */; };
		3054CDBF2AB1BB3D00A352E8 /* ServiceProtocol.swift in Sources */ = {isa = PBXBuildFile; fileRef = 3054CDBE2AB1BB3D00A352E8 /* ServiceProtocol.swift */; };
		3054CDC22AB1C61B00A352E8 /* CitiesRequest.swift in Sources */ = {isa = PBXBuildFile; fileRef = 3054CDC12AB1C61B00A352E8 /* CitiesRequest.swift */; };
		3054CDC42AB1D01800A352E8 /* ForecastRequest.swift in Sources */ = {isa = PBXBuildFile; fileRef = 3054CDC32AB1D01800A352E8 /* ForecastRequest.swift */; };
		3054CDC62AB1D28F00A352E8 /* Weather.swift in Sources */ = {isa = PBXBuildFile; fileRef = 3054CDC52AB1D28F00A352E8 /* Weather.swift */; };
		3054CDC82AB1D31800A352E8 /* MainWeatherInfo.swift in Sources */ = {isa = PBXBuildFile; fileRef = 3054CDC72AB1D31800A352E8 /* MainWeatherInfo.swift */; };
		3054CDCA2AB1D48000A352E8 /* CityWeather.swift in Sources */ = {isa = PBXBuildFile; fileRef = 3054CDC92AB1D48000A352E8 /* CityWeather.swift */; };
		3054CDCC2AB1D79C00A352E8 /* Forecast.swift in Sources */ = {isa = PBXBuildFile; fileRef = 3054CDCB2AB1D79C00A352E8 /* Forecast.swift */; };
		3054CDCE2AB1DCC700A352E8 /* SettingsView.swift in Sources */ = {isa = PBXBuildFile; fileRef = 3054CDCD2AB1DCC700A352E8 /* SettingsView.swift */; };
		3054CDD02AB1FA0A00A352E8 /* Sheet.swift in Sources */ = {isa = PBXBuildFile; fileRef = 3054CDCF2AB1FA0A00A352E8 /* Sheet.swift */; };
		3054CDD22AB1FA5C00A352E8 /* ErrorAlert.swift in Sources */ = {isa = PBXBuildFile; fileRef = 3054CDD12AB1FA5C00A352E8 /* ErrorAlert.swift */; };
		3054CDD42AB1FDEB00A352E8 /* LoadingView.swift in Sources */ = {isa = PBXBuildFile; fileRef = 3054CDD32AB1FDEB00A352E8 /* LoadingView.swift */; };
		3054CDD62AB1FF6A00A352E8 /* CityDetailViewModel.swift in Sources */ = {isa = PBXBuildFile; fileRef = 3054CDD52AB1FF6A00A352E8 /* CityDetailViewModel.swift */; };
/* End PBXBuildFile section */

/* Begin PBXContainerItemProxy section */
		3054CD8D2AB0A50E00A352E8 /* PBXContainerItemProxy */ = {
			isa = PBXContainerItemProxy;
			containerPortal = 3054CD6F2AB0A50C00A352E8 /* Project object */;
			proxyType = 1;
			remoteGlobalIDString = 3054CD762AB0A50C00A352E8;
			remoteInfo = WeatherApp;
		};
		3054CD972AB0A50E00A352E8 /* PBXContainerItemProxy */ = {
			isa = PBXContainerItemProxy;
			containerPortal = 3054CD6F2AB0A50C00A352E8 /* Project object */;
			proxyType = 1;
			remoteGlobalIDString = 3054CD762AB0A50C00A352E8;
			remoteInfo = WeatherApp;
		};
/* End PBXContainerItemProxy section */

/* Begin PBXFileReference section */
		3054CD772AB0A50C00A352E8 /* Weather.app */ = {isa = PBXFileReference; explicitFileType = wrapper.application; includeInIndex = 0; path = Weather.app; sourceTree = BUILT_PRODUCTS_DIR; };
		3054CD7A2AB0A50C00A352E8 /* WeatherApp.swift */ = {isa = PBXFileReference; lastKnownFileType = sourcecode.swift; path = WeatherApp.swift; sourceTree = "<group>"; };
		3054CD7E2AB0A50E00A352E8 /* Assets.xcassets */ = {isa = PBXFileReference; lastKnownFileType = folder.assetcatalog; path = Assets.xcassets; sourceTree = "<group>"; };
		3054CD812AB0A50E00A352E8 /* Preview Assets.xcassets */ = {isa = PBXFileReference; lastKnownFileType = folder.assetcatalog; path = "Preview Assets.xcassets"; sourceTree = "<group>"; };
		3054CD8C2AB0A50E00A352E8 /* WeatherTests.xctest */ = {isa = PBXFileReference; explicitFileType = wrapper.cfbundle; includeInIndex = 0; path = WeatherTests.xctest; sourceTree = BUILT_PRODUCTS_DIR; };
		3054CD902AB0A50E00A352E8 /* WeatherAppTests.swift */ = {isa = PBXFileReference; lastKnownFileType = sourcecode.swift; path = WeatherAppTests.swift; sourceTree = "<group>"; };
		3054CD962AB0A50E00A352E8 /* WeatherUITests.xctest */ = {isa = PBXFileReference; explicitFileType = wrapper.cfbundle; includeInIndex = 0; path = WeatherUITests.xctest; sourceTree = BUILT_PRODUCTS_DIR; };
		3054CD9A2AB0A50E00A352E8 /* WeatherAppUITests.swift */ = {isa = PBXFileReference; lastKnownFileType = sourcecode.swift; path = WeatherAppUITests.swift; sourceTree = "<group>"; };
		3054CD9C2AB0A50E00A352E8 /* WeatherAppUITestsLaunchTests.swift */ = {isa = PBXFileReference; lastKnownFileType = sourcecode.swift; path = WeatherAppUITestsLaunchTests.swift; sourceTree = "<group>"; };
		3054CDA92AB0AA8400A352E8 /* CityListView.swift */ = {isa = PBXFileReference; lastKnownFileType = sourcecode.swift; path = CityListView.swift; sourceTree = "<group>"; };
		3054CDAB2AB0AA9300A352E8 /* CityDetailView.swift */ = {isa = PBXFileReference; lastKnownFileType = sourcecode.swift; path = CityDetailView.swift; sourceTree = "<group>"; };
		3054CDB02AB1090F00A352E8 /* NetworkLayer.swift */ = {isa = PBXFileReference; lastKnownFileType = sourcecode.swift; path = NetworkLayer.swift; sourceTree = "<group>"; };
		3054CDB22AB10A3800A352E8 /* City.swift */ = {isa = PBXFileReference; lastKnownFileType = sourcecode.swift; path = City.swift; sourceTree = "<group>"; };
		3054CDB52AB10EAD00A352E8 /* CityListViewModel.swift */ = {isa = PBXFileReference; lastKnownFileType = sourcecode.swift; path = CityListViewModel.swift; sourceTree = "<group>"; };
		3054CDB72AB1B0B800A352E8 /* NetworkConfig.swift */ = {isa = PBXFileReference; lastKnownFileType = sourcecode.swift; path = NetworkConfig.swift; sourceTree = "<group>"; };
		3054CDB92AB1BAAC00A352E8 /* RequestProtocol.swift */ = {isa = PBXFileReference; lastKnownFileType = sourcecode.swift; path = RequestProtocol.swift; sourceTree = "<group>"; };
		3054CDBC2AB1BB2C00A352E8 /* ServiceLayer.swift */ = {isa = PBXFileReference; lastKnownFileType = sourcecode.swift; path = ServiceLayer.swift; sourceTree = "<group>"; };
		3054CDBE2AB1BB3D00A352E8 /* ServiceProtocol.swift */ = {isa = PBXFileReference; lastKnownFileType = sourcecode.swift; path = ServiceProtocol.swift; sourceTree = "<group>"; };
		3054CDC12AB1C61B00A352E8 /* CitiesRequest.swift */ = {isa = PBXFileReference; lastKnownFileType = sourcecode.swift; path = CitiesRequest.swift; sourceTree = "<group>"; };
		3054CDC32AB1D01800A352E8 /* ForecastRequest.swift */ = {isa = PBXFileReference; lastKnownFileType = sourcecode.swift; path = ForecastRequest.swift; sourceTree = "<group>"; };
		3054CDC52AB1D28F00A352E8 /* Weather.swift */ = {isa = PBXFileReference; lastKnownFileType = sourcecode.swift; path = Weather.swift; sourceTree = "<group>"; };
		3054CDC72AB1D31800A352E8 /* MainWeatherInfo.swift */ = {isa = PBXFileReference; lastKnownFileType = sourcecode.swift; path = MainWeatherInfo.swift; sourceTree = "<group>"; };
		3054CDC92AB1D48000A352E8 /* CityWeather.swift */ = {isa = PBXFileReference; lastKnownFileType = sourcecode.swift; path = CityWeather.swift; sourceTree = "<group>"; };
		3054CDCB2AB1D79C00A352E8 /* Forecast.swift */ = {isa = PBXFileReference; lastKnownFileType = sourcecode.swift; path = Forecast.swift; sourceTree = "<group>"; };
		3054CDCD2AB1DCC700A352E8 /* SettingsView.swift */ = {isa = PBXFileReference; lastKnownFileType = sourcecode.swift; path = SettingsView.swift; sourceTree = "<group>"; };
		3054CDCF2AB1FA0A00A352E8 /* Sheet.swift */ = {isa = PBXFileReference; lastKnownFileType = sourcecode.swift; path = Sheet.swift; sourceTree = "<group>"; };
		3054CDD12AB1FA5C00A352E8 /* ErrorAlert.swift */ = {isa = PBXFileReference; lastKnownFileType = sourcecode.swift; path = ErrorAlert.swift; sourceTree = "<group>"; };
		3054CDD32AB1FDEB00A352E8 /* LoadingView.swift */ = {isa = PBXFileReference; lastKnownFileType = sourcecode.swift; path = LoadingView.swift; sourceTree = "<group>"; };
		3054CDD52AB1FF6A00A352E8 /* CityDetailViewModel.swift */ = {isa = PBXFileReference; lastKnownFileType = sourcecode.swift; path = CityDetailViewModel.swift; sourceTree = "<group>"; };
/* End PBXFileReference section */

/* Begin PBXFrameworksBuildPhase section */
		3054CD742AB0A50C00A352E8 /* Frameworks */ = {
			isa = PBXFrameworksBuildPhase;
			buildActionMask = 2147483647;
			files = (
			);
			runOnlyForDeploymentPostprocessing = 0;
		};
		3054CD892AB0A50E00A352E8 /* Frameworks */ = {
			isa = PBXFrameworksBuildPhase;
			buildActionMask = 2147483647;
			files = (
			);
			runOnlyForDeploymentPostprocessing = 0;
		};
		3054CD932AB0A50E00A352E8 /* Frameworks */ = {
			isa = PBXFrameworksBuildPhase;
			buildActionMask = 2147483647;
			files = (
			);
			runOnlyForDeploymentPostprocessing = 0;
		};
/* End PBXFrameworksBuildPhase section */

/* Begin PBXGroup section */
		3054CD6E2AB0A50C00A352E8 = {
			isa = PBXGroup;
			children = (
				3054CD792AB0A50C00A352E8 /* Weather */,
				3054CD8F2AB0A50E00A352E8 /* WeatherAppTests */,
				3054CD992AB0A50E00A352E8 /* WeatherAppUITests */,
				3054CD782AB0A50C00A352E8 /* Products */,
			);
			sourceTree = "<group>";
		};
		3054CD782AB0A50C00A352E8 /* Products */ = {
			isa = PBXGroup;
			children = (
				3054CD772AB0A50C00A352E8 /* Weather.app */,
				3054CD8C2AB0A50E00A352E8 /* WeatherTests.xctest */,
				3054CD962AB0A50E00A352E8 /* WeatherUITests.xctest */,
			);
			name = Products;
			sourceTree = "<group>";
		};
		3054CD792AB0A50C00A352E8 /* Weather */ = {
			isa = PBXGroup;
			children = (
				3054CDAF2AB108F700A352E8 /* Network */,
				3054CDB42AB10E9300A352E8 /* ViewModel */,
				3054CDAE2AB0B3B600A352E8 /* View */,
				3054CDAD2AB0B3AC00A352E8 /* Model */,
				3054CD7E2AB0A50E00A352E8 /* Assets.xcassets */,
				3054CD802AB0A50E00A352E8 /* Preview Content */,
				3054CD7A2AB0A50C00A352E8 /* WeatherApp.swift */,
			);
			path = Weather;
			sourceTree = "<group>";
		};
		3054CD802AB0A50E00A352E8 /* Preview Content */ = {
			isa = PBXGroup;
			children = (
				3054CD812AB0A50E00A352E8 /* Preview Assets.xcassets */,
			);
			path = "Preview Content";
			sourceTree = "<group>";
		};
		3054CD8F2AB0A50E00A352E8 /* WeatherAppTests */ = {
			isa = PBXGroup;
			children = (
				3054CD902AB0A50E00A352E8 /* WeatherAppTests.swift */,
			);
			path = WeatherAppTests;
			sourceTree = "<group>";
		};
		3054CD992AB0A50E00A352E8 /* WeatherAppUITests */ = {
			isa = PBXGroup;
			children = (
				3054CD9A2AB0A50E00A352E8 /* WeatherAppUITests.swift */,
				3054CD9C2AB0A50E00A352E8 /* WeatherAppUITestsLaunchTests.swift */,
			);
			path = WeatherAppUITests;
			sourceTree = "<group>";
		};
		3054CDAD2AB0B3AC00A352E8 /* Model */ = {
			isa = PBXGroup;
			children = (
				3054CDB22AB10A3800A352E8 /* City.swift */,
				3054CDCB2AB1D79C00A352E8 /* Forecast.swift */,
				3054CDC92AB1D48000A352E8 /* CityWeather.swift */,
				3054CDC52AB1D28F00A352E8 /* Weather.swift */,
				3054CDC72AB1D31800A352E8 /* MainWeatherInfo.swift */,
			);
			path = Model;
			sourceTree = "<group>";
		};
		3054CDAE2AB0B3B600A352E8 /* View */ = {
			isa = PBXGroup;
			children = (
				3054CDA92AB0AA8400A352E8 /* CityListView.swift */,
				3054CDAB2AB0AA9300A352E8 /* CityDetailView.swift */,
				3054CDCD2AB1DCC700A352E8 /* SettingsView.swift */,
				3054CDCF2AB1FA0A00A352E8 /* Sheet.swift */,
				3054CDD12AB1FA5C00A352E8 /* ErrorAlert.swift */,
				3054CDD32AB1FDEB00A352E8 /* LoadingView.swift */,
			);
			path = View;
			sourceTree = "<group>";
		};
		3054CDAF2AB108F700A352E8 /* Network */ = {
			isa = PBXGroup;
			children = (
				3054CDBB2AB1BB1F00A352E8 /* Service */,
				3054CDC02AB1C5FE00A352E8 /* Requests */,
				3054CDB72AB1B0B800A352E8 /* NetworkConfig.swift */,
				3054CDB02AB1090F00A352E8 /* NetworkLayer.swift */,
			);
			path = Network;
			sourceTree = "<group>";
		};
		3054CDB42AB10E9300A352E8 /* ViewModel */ = {
			isa = PBXGroup;
			children = (
				3054CDB52AB10EAD00A352E8 /* CityListViewModel.swift */,
				3054CDD52AB1FF6A00A352E8 /* CityDetailViewModel.swift */,
			);
			path = ViewModel;
			sourceTree = "<group>";
		};
		3054CDBB2AB1BB1F00A352E8 /* Service */ = {
			isa = PBXGroup;
			children = (
				3054CDBC2AB1BB2C00A352E8 /* ServiceLayer.swift */,
				3054CDBE2AB1BB3D00A352E8 /* ServiceProtocol.swift */,
			);
			path = Service;
			sourceTree = "<group>";
		};
		3054CDC02AB1C5FE00A352E8 /* Requests */ = {
			isa = PBXGroup;
			children = (
				3054CDB92AB1BAAC00A352E8 /* RequestProtocol.swift */,
				3054CDC12AB1C61B00A352E8 /* CitiesRequest.swift */,
				3054CDC32AB1D01800A352E8 /* ForecastRequest.swift */,
			);
			path = Requests;
			sourceTree = "<group>";
		};
/* End PBXGroup section */

/* Begin PBXNativeTarget section */
		3054CD762AB0A50C00A352E8 /* Weather */ = {
			isa = PBXNativeTarget;
			buildConfigurationList = 3054CDA02AB0A50E00A352E8 /* Build configuration list for PBXNativeTarget "Weather" */;
			buildPhases = (
				3054CD732AB0A50C00A352E8 /* Sources */,
				3054CD742AB0A50C00A352E8 /* Frameworks */,
				3054CD752AB0A50C00A352E8 /* Resources */,
			);
			buildRules = (
			);
			dependencies = (
			);
			name = Weather;
			productName = WeatherApp;
			productReference = 3054CD772AB0A50C00A352E8 /* Weather.app */;
			productType = "com.apple.product-type.application";
		};
		3054CD8B2AB0A50E00A352E8 /* WeatherTests */ = {
			isa = PBXNativeTarget;
			buildConfigurationList = 3054CDA32AB0A50E00A352E8 /* Build configuration list for PBXNativeTarget "WeatherTests" */;
			buildPhases = (
				3054CD882AB0A50E00A352E8 /* Sources */,
				3054CD892AB0A50E00A352E8 /* Frameworks */,
				3054CD8A2AB0A50E00A352E8 /* Resources */,
			);
			buildRules = (
			);
			dependencies = (
				3054CD8E2AB0A50E00A352E8 /* PBXTargetDependency */,
			);
			name = WeatherTests;
			productName = WeatherAppTests;
			productReference = 3054CD8C2AB0A50E00A352E8 /* WeatherTests.xctest */;
			productType = "com.apple.product-type.bundle.unit-test";
		};
		3054CD952AB0A50E00A352E8 /* WeatherUITests */ = {
			isa = PBXNativeTarget;
			buildConfigurationList = 3054CDA62AB0A50E00A352E8 /* Build configuration list for PBXNativeTarget "WeatherUITests" */;
			buildPhases = (
				3054CD922AB0A50E00A352E8 /* Sources */,
				3054CD932AB0A50E00A352E8 /* Frameworks */,
				3054CD942AB0A50E00A352E8 /* Resources */,
			);
			buildRules = (
			);
			dependencies = (
				3054CD982AB0A50E00A352E8 /* PBXTargetDependency */,
			);
			name = WeatherUITests;
			productName = WeatherAppUITests;
			productReference = 3054CD962AB0A50E00A352E8 /* WeatherUITests.xctest */;
			productType = "com.apple.product-type.bundle.ui-testing";
		};
/* End PBXNativeTarget section */

/* Begin PBXProject section */
		3054CD6F2AB0A50C00A352E8 /* Project object */ = {
			isa = PBXProject;
			attributes = {
				BuildIndependentTargetsInParallel = 1;
				LastSwiftUpdateCheck = 1430;
				LastUpgradeCheck = 1430;
				TargetAttributes = {
					3054CD762AB0A50C00A352E8 = {
						CreatedOnToolsVersion = 14.3.1;
					};
					3054CD8B2AB0A50E00A352E8 = {
						CreatedOnToolsVersion = 14.3.1;
						TestTargetID = 3054CD762AB0A50C00A352E8;
					};
					3054CD952AB0A50E00A352E8 = {
						CreatedOnToolsVersion = 14.3.1;
						TestTargetID = 3054CD762AB0A50C00A352E8;
					};
				};
			};
			buildConfigurationList = 3054CD722AB0A50C00A352E8 /* Build configuration list for PBXProject "Weather" */;
			compatibilityVersion = "Xcode 14.0";
			developmentRegion = en;
			hasScannedForEncodings = 0;
			knownRegions = (
				en,
				Base,
			);
			mainGroup = 3054CD6E2AB0A50C00A352E8;
			productRefGroup = 3054CD782AB0A50C00A352E8 /* Products */;
			projectDirPath = "";
			projectRoot = "";
			targets = (
				3054CD762AB0A50C00A352E8 /* Weather */,
				3054CD8B2AB0A50E00A352E8 /* WeatherTests */,
				3054CD952AB0A50E00A352E8 /* WeatherUITests */,
			);
		};
/* End PBXProject section */

/* Begin PBXResourcesBuildPhase section */
		3054CD752AB0A50C00A352E8 /* Resources */ = {
			isa = PBXResourcesBuildPhase;
			buildActionMask = 2147483647;
			files = (
				3054CD822AB0A50E00A352E8 /* Preview Assets.xcassets in Resources */,
				3054CD7F2AB0A50E00A352E8 /* Assets.xcassets in Resources */,
			);
			runOnlyForDeploymentPostprocessing = 0;
		};
		3054CD8A2AB0A50E00A352E8 /* Resources */ = {
			isa = PBXResourcesBuildPhase;
			buildActionMask = 2147483647;
			files = (
			);
			runOnlyForDeploymentPostprocessing = 0;
		};
		3054CD942AB0A50E00A352E8 /* Resources */ = {
			isa = PBXResourcesBuildPhase;
			buildActionMask = 2147483647;
			files = (
			);
			runOnlyForDeploymentPostprocessing = 0;
		};
/* End PBXResourcesBuildPhase section */

/* Begin PBXSourcesBuildPhase section */
		3054CD732AB0A50C00A352E8 /* Sources */ = {
			isa = PBXSourcesBuildPhase;
			buildActionMask = 2147483647;
			files = (
				3054CDCC2AB1D79C00A352E8 /* Forecast.swift in Sources */,
				3054CDC42AB1D01800A352E8 /* ForecastRequest.swift in Sources */,
				3054CDB32AB10A3800A352E8 /* City.swift in Sources */,
				3054CDD02AB1FA0A00A352E8 /* Sheet.swift in Sources */,
				3054CDD22AB1FA5C00A352E8 /* ErrorAlert.swift in Sources */,
				3054CDAA2AB0AA8400A352E8 /* CityListView.swift in Sources */,
				3054CDB12AB1090F00A352E8 /* NetworkLayer.swift in Sources */,
				3054CDCE2AB1DCC700A352E8 /* SettingsView.swift in Sources */,
				3054CDBA2AB1BAAC00A352E8 /* RequestProtocol.swift in Sources */,
				3054CDB62AB10EAD00A352E8 /* CityListViewModel.swift in Sources */,
				3054CDAC2AB0AA9300A352E8 /* CityDetailView.swift in Sources */,
				3054CDC22AB1C61B00A352E8 /* CitiesRequest.swift in Sources */,
				3054CDC62AB1D28F00A352E8 /* Weather.swift in Sources */,
				3054CDD42AB1FDEB00A352E8 /* LoadingView.swift in Sources */,
				3054CDCA2AB1D48000A352E8 /* CityWeather.swift in Sources */,
				3054CDC82AB1D31800A352E8 /* MainWeatherInfo.swift in Sources */,
				3054CD7B2AB0A50C00A352E8 /* WeatherApp.swift in Sources */,
				3054CDBD2AB1BB2C00A352E8 /* ServiceLayer.swift in Sources */,
				3054CDD62AB1FF6A00A352E8 /* CityDetailViewModel.swift in Sources */,
				3054CDB82AB1B0B800A352E8 /* NetworkConfig.swift in Sources */,
				3054CDBF2AB1BB3D00A352E8 /* ServiceProtocol.swift in Sources */,
			);
			runOnlyForDeploymentPostprocessing = 0;
		};
		3054CD882AB0A50E00A352E8 /* Sources */ = {
			isa = PBXSourcesBuildPhase;
			buildActionMask = 2147483647;
			files = (
				3054CD912AB0A50E00A352E8 /* WeatherAppTests.swift in Sources */,
			);
			runOnlyForDeploymentPostprocessing = 0;
		};
		3054CD922AB0A50E00A352E8 /* Sources */ = {
			isa = PBXSourcesBuildPhase;
			buildActionMask = 2147483647;
			files = (
				3054CD9B2AB0A50E00A352E8 /* WeatherAppUITests.swift in Sources */,
				3054CD9D2AB0A50E00A352E8 /* WeatherAppUITestsLaunchTests.swift in Sources */,
			);
			runOnlyForDeploymentPostprocessing = 0;
		};
/* End PBXSourcesBuildPhase section */

/* Begin PBXTargetDependency section */
		3054CD8E2AB0A50E00A352E8 /* PBXTargetDependency */ = {
			isa = PBXTargetDependency;
			target = 3054CD762AB0A50C00A352E8 /* Weather */;
			targetProxy = 3054CD8D2AB0A50E00A352E8 /* PBXContainerItemProxy */;
		};
		3054CD982AB0A50E00A352E8 /* PBXTargetDependency */ = {
			isa = PBXTargetDependency;
			target = 3054CD762AB0A50C00A352E8 /* Weather */;
			targetProxy = 3054CD972AB0A50E00A352E8 /* PBXContainerItemProxy */;
		};
/* End PBXTargetDependency section */

/* Begin XCBuildConfiguration section */
		3054CD9E2AB0A50E00A352E8 /* Debug */ = {
			isa = XCBuildConfiguration;
			buildSettings = {
				ALWAYS_SEARCH_USER_PATHS = NO;
				CLANG_ANALYZER_NONNULL = YES;
				CLANG_ANALYZER_NUMBER_OBJECT_CONVERSION = YES_AGGRESSIVE;
				CLANG_CXX_LANGUAGE_STANDARD = "gnu++20";
				CLANG_ENABLE_MODULES = YES;
				CLANG_ENABLE_OBJC_ARC = YES;
				CLANG_ENABLE_OBJC_WEAK = YES;
				CLANG_WARN_BLOCK_CAPTURE_AUTORELEASING = YES;
				CLANG_WARN_BOOL_CONVERSION = YES;
				CLANG_WARN_COMMA = YES;
				CLANG_WARN_CONSTANT_CONVERSION = YES;
				CLANG_WARN_DEPRECATED_OBJC_IMPLEMENTATIONS = YES;
				CLANG_WARN_DIRECT_OBJC_ISA_USAGE = YES_ERROR;
				CLANG_WARN_DOCUMENTATION_COMMENTS = YES;
				CLANG_WARN_EMPTY_BODY = YES;
				CLANG_WARN_ENUM_CONVERSION = YES;
				CLANG_WARN_INFINITE_RECURSION = YES;
				CLANG_WARN_INT_CONVERSION = YES;
				CLANG_WARN_NON_LITERAL_NULL_CONVERSION = YES;
				CLANG_WARN_OBJC_IMPLICIT_RETAIN_SELF = YES;
				CLANG_WARN_OBJC_LITERAL_CONVERSION = YES;
				CLANG_WARN_OBJC_ROOT_CLASS = YES_ERROR;
				CLANG_WARN_QUOTED_INCLUDE_IN_FRAMEWORK_HEADER = YES;
				CLANG_WARN_RANGE_LOOP_ANALYSIS = YES;
				CLANG_WARN_STRICT_PROTOTYPES = YES;
				CLANG_WARN_SUSPICIOUS_MOVE = YES;
				CLANG_WARN_UNGUARDED_AVAILABILITY = YES_AGGRESSIVE;
				CLANG_WARN_UNREACHABLE_CODE = YES;
				CLANG_WARN__DUPLICATE_METHOD_MATCH = YES;
				COPY_PHASE_STRIP = NO;
				DEBUG_INFORMATION_FORMAT = dwarf;
				ENABLE_STRICT_OBJC_MSGSEND = YES;
				ENABLE_TESTABILITY = YES;
				GCC_C_LANGUAGE_STANDARD = gnu11;
				GCC_DYNAMIC_NO_PIC = NO;
				GCC_NO_COMMON_BLOCKS = YES;
				GCC_OPTIMIZATION_LEVEL = 0;
				GCC_PREPROCESSOR_DEFINITIONS = (
					"DEBUG=1",
					"$(inherited)",
				);
				GCC_WARN_64_TO_32_BIT_CONVERSION = YES;
				GCC_WARN_ABOUT_RETURN_TYPE = YES_ERROR;
				GCC_WARN_UNDECLARED_SELECTOR = YES;
				GCC_WARN_UNINITIALIZED_AUTOS = YES_AGGRESSIVE;
				GCC_WARN_UNUSED_FUNCTION = YES;
				GCC_WARN_UNUSED_VARIABLE = YES;
				IPHONEOS_DEPLOYMENT_TARGET = 16.4;
				MTL_ENABLE_DEBUG_INFO = INCLUDE_SOURCE;
				MTL_FAST_MATH = YES;
				ONLY_ACTIVE_ARCH = YES;
				SDKROOT = iphoneos;
				SWIFT_ACTIVE_COMPILATION_CONDITIONS = DEBUG;
				SWIFT_OPTIMIZATION_LEVEL = "-Onone";
			};
			name = Debug;
		};
		3054CD9F2AB0A50E00A352E8 /* Release */ = {
			isa = XCBuildConfiguration;
			buildSettings = {
				ALWAYS_SEARCH_USER_PATHS = NO;
				CLANG_ANALYZER_NONNULL = YES;
				CLANG_ANALYZER_NUMBER_OBJECT_CONVERSION = YES_AGGRESSIVE;
				CLANG_CXX_LANGUAGE_STANDARD = "gnu++20";
				CLANG_ENABLE_MODULES = YES;
				CLANG_ENABLE_OBJC_ARC = YES;
				CLANG_ENABLE_OBJC_WEAK = YES;
				CLANG_WARN_BLOCK_CAPTURE_AUTORELEASING = YES;
				CLANG_WARN_BOOL_CONVERSION = YES;
				CLANG_WARN_COMMA = YES;
				CLANG_WARN_CONSTANT_CONVERSION = YES;
				CLANG_WARN_DEPRECATED_OBJC_IMPLEMENTATIONS = YES;
				CLANG_WARN_DIRECT_OBJC_ISA_USAGE = YES_ERROR;
				CLANG_WARN_DOCUMENTATION_COMMENTS = YES;
				CLANG_WARN_EMPTY_BODY = YES;
				CLANG_WARN_ENUM_CONVERSION = YES;
				CLANG_WARN_INFINITE_RECURSION = YES;
				CLANG_WARN_INT_CONVERSION = YES;
				CLANG_WARN_NON_LITERAL_NULL_CONVERSION = YES;
				CLANG_WARN_OBJC_IMPLICIT_RETAIN_SELF = YES;
				CLANG_WARN_OBJC_LITERAL_CONVERSION = YES;
				CLANG_WARN_OBJC_ROOT_CLASS = YES_ERROR;
				CLANG_WARN_QUOTED_INCLUDE_IN_FRAMEWORK_HEADER = YES;
				CLANG_WARN_RANGE_LOOP_ANALYSIS = YES;
				CLANG_WARN_STRICT_PROTOTYPES = YES;
				CLANG_WARN_SUSPICIOUS_MOVE = YES;
				CLANG_WARN_UNGUARDED_AVAILABILITY = YES_AGGRESSIVE;
				CLANG_WARN_UNREACHABLE_CODE = YES;
				CLANG_WARN__DUPLICATE_METHOD_MATCH = YES;
				COPY_PHASE_STRIP = NO;
				DEBUG_INFORMATION_FORMAT = "dwarf-with-dsym";
				ENABLE_NS_ASSERTIONS = NO;
				ENABLE_STRICT_OBJC_MSGSEND = YES;
				GCC_C_LANGUAGE_STANDARD = gnu11;
				GCC_NO_COMMON_BLOCKS = YES;
				GCC_WARN_64_TO_32_BIT_CONVERSION = YES;
				GCC_WARN_ABOUT_RETURN_TYPE = YES_ERROR;
				GCC_WARN_UNDECLARED_SELECTOR = YES;
				GCC_WARN_UNINITIALIZED_AUTOS = YES_AGGRESSIVE;
				GCC_WARN_UNUSED_FUNCTION = YES;
				GCC_WARN_UNUSED_VARIABLE = YES;
				IPHONEOS_DEPLOYMENT_TARGET = 16.4;
				MTL_ENABLE_DEBUG_INFO = NO;
				MTL_FAST_MATH = YES;
				SDKROOT = iphoneos;
				SWIFT_COMPILATION_MODE = wholemodule;
				SWIFT_OPTIMIZATION_LEVEL = "-O";
				VALIDATE_PRODUCT = YES;
			};
			name = Release;
		};
		3054CDA12AB0A50E00A352E8 /* Debug */ = {
			isa = XCBuildConfiguration;
			buildSettings = {
				ASSETCATALOG_COMPILER_APPICON_NAME = AppIcon;
				ASSETCATALOG_COMPILER_GLOBAL_ACCENT_COLOR_NAME = AccentColor;
				CODE_SIGN_STYLE = Automatic;
				CURRENT_PROJECT_VERSION = 1;
				DEVELOPMENT_ASSET_PATHS = "\"Weather/Preview Content\"";
				DEVELOPMENT_TEAM = AD5867JV95;
				ENABLE_PREVIEWS = YES;
				GENERATE_INFOPLIST_FILE = YES;
				INFOPLIST_KEY_UIApplicationSceneManifest_Generation = YES;
				INFOPLIST_KEY_UIApplicationSupportsIndirectInputEvents = YES;
				INFOPLIST_KEY_UILaunchScreen_Generation = YES;
				INFOPLIST_KEY_UISupportedInterfaceOrientations_iPad = "UIInterfaceOrientationPortrait UIInterfaceOrientationPortraitUpsideDown UIInterfaceOrientationLandscapeLeft UIInterfaceOrientationLandscapeRight";
				INFOPLIST_KEY_UISupportedInterfaceOrientations_iPhone = "UIInterfaceOrientationPortrait UIInterfaceOrientationLandscapeLeft UIInterfaceOrientationLandscapeRight";
				LD_RUNPATH_SEARCH_PATHS = (
					"$(inherited)",
					"@executable_path/Frameworks",
				);
				MARKETING_VERSION = 1.0;
				PRODUCT_BUNDLE_IDENTIFIER = com.davidsilva.WeatherApp;
				PRODUCT_NAME = "$(TARGET_NAME)";
				SWIFT_EMIT_LOC_STRINGS = YES;
				SWIFT_VERSION = 5.0;
				TARGETED_DEVICE_FAMILY = "1,2";
			};
			name = Debug;
		};
		3054CDA22AB0A50E00A352E8 /* Release */ = {
			isa = XCBuildConfiguration;
			buildSettings = {
				ASSETCATALOG_COMPILER_APPICON_NAME = AppIcon;
				ASSETCATALOG_COMPILER_GLOBAL_ACCENT_COLOR_NAME = AccentColor;
				CODE_SIGN_STYLE = Automatic;
				CURRENT_PROJECT_VERSION = 1;
				DEVELOPMENT_ASSET_PATHS = "\"Weather/Preview Content\"";
				DEVELOPMENT_TEAM = AD5867JV95;
				ENABLE_PREVIEWS = YES;
				GENERATE_INFOPLIST_FILE = YES;
				INFOPLIST_KEY_UIApplicationSceneManifest_Generation = YES;
				INFOPLIST_KEY_UIApplicationSupportsIndirectInputEvents = YES;
				INFOPLIST_KEY_UILaunchScreen_Generation = YES;
				INFOPLIST_KEY_UISupportedInterfaceOrientations_iPad = "UIInterfaceOrientationPortrait UIInterfaceOrientationPortraitUpsideDown UIInterfaceOrientationLandscapeLeft UIInterfaceOrientationLandscapeRight";
				INFOPLIST_KEY_UISupportedInterfaceOrientations_iPhone = "UIInterfaceOrientationPortrait UIInterfaceOrientationLandscapeLeft UIInterfaceOrientationLandscapeRight";
				LD_RUNPATH_SEARCH_PATHS = (
					"$(inherited)",
					"@executable_path/Frameworks",
				);
				MARKETING_VERSION = 1.0;
				PRODUCT_BUNDLE_IDENTIFIER = com.davidsilva.WeatherApp;
				PRODUCT_NAME = "$(TARGET_NAME)";
				SWIFT_EMIT_LOC_STRINGS = YES;
				SWIFT_VERSION = 5.0;
				TARGETED_DEVICE_FAMILY = "1,2";
			};
			name = Release;
		};
		3054CDA42AB0A50E00A352E8 /* Debug */ = {
			isa = XCBuildConfiguration;
			buildSettings = {
				ALWAYS_EMBED_SWIFT_STANDARD_LIBRARIES = YES;
				BUNDLE_LOADER = "$(TEST_HOST)";
				CODE_SIGN_STYLE = Automatic;
				CURRENT_PROJECT_VERSION = 1;
				DEVELOPMENT_TEAM = AD5867JV95;
				GENERATE_INFOPLIST_FILE = YES;
				IPHONEOS_DEPLOYMENT_TARGET = 16.4;
				MARKETING_VERSION = 1.0;
				PRODUCT_BUNDLE_IDENTIFIER = com.davidsilva.WeatherAppTests;
				PRODUCT_NAME = "$(TARGET_NAME)";
				SWIFT_EMIT_LOC_STRINGS = NO;
				SWIFT_VERSION = 5.0;
				TARGETED_DEVICE_FAMILY = "1,2";
				TEST_HOST = "$(BUILT_PRODUCTS_DIR)/Weather.app/$(BUNDLE_EXECUTABLE_FOLDER_PATH)/Weather";
			};
			name = Debug;
		};
		3054CDA52AB0A50E00A352E8 /* Release */ = {
			isa = XCBuildConfiguration;
			buildSettings = {
				ALWAYS_EMBED_SWIFT_STANDARD_LIBRARIES = YES;
				BUNDLE_LOADER = "$(TEST_HOST)";
				CODE_SIGN_STYLE = Automatic;
				CURRENT_PROJECT_VERSION = 1;
				DEVELOPMENT_TEAM = AD5867JV95;
				GENERATE_INFOPLIST_FILE = YES;
				IPHONEOS_DEPLOYMENT_TARGET = 16.4;
				MARKETING_VERSION = 1.0;
				PRODUCT_BUNDLE_IDENTIFIER = com.davidsilva.WeatherAppTests;
				PRODUCT_NAME = "$(TARGET_NAME)";
				SWIFT_EMIT_LOC_STRINGS = NO;
				SWIFT_VERSION = 5.0;
				TARGETED_DEVICE_FAMILY = "1,2";
				TEST_HOST = "$(BUILT_PRODUCTS_DIR)/Weather.app/$(BUNDLE_EXECUTABLE_FOLDER_PATH)/Weather";
			};
			name = Release;
		};
		3054CDA72AB0A50E00A352E8 /* Debug */ = {
			isa = XCBuildConfiguration;
			buildSettings = {
				ALWAYS_EMBED_SWIFT_STANDARD_LIBRARIES = YES;
				CODE_SIGN_STYLE = Automatic;
				CURRENT_PROJECT_VERSION = 1;
				DEVELOPMENT_TEAM = AD5867JV95;
				GENERATE_INFOPLIST_FILE = YES;
				MARKETING_VERSION = 1.0;
				PRODUCT_BUNDLE_IDENTIFIER = com.davidsilva.WeatherAppUITests;
				PRODUCT_NAME = "$(TARGET_NAME)";
				SWIFT_EMIT_LOC_STRINGS = NO;
				SWIFT_VERSION = 5.0;
				TARGETED_DEVICE_FAMILY = "1,2";
				TEST_TARGET_NAME = WeatherApp;
			};
			name = Debug;
		};
		3054CDA82AB0A50E00A352E8 /* Release */ = {
			isa = XCBuildConfiguration;
			buildSettings = {
				ALWAYS_EMBED_SWIFT_STANDARD_LIBRARIES = YES;
				CODE_SIGN_STYLE = Automatic;
				CURRENT_PROJECT_VERSION = 1;
				DEVELOPMENT_TEAM = AD5867JV95;
				GENERATE_INFOPLIST_FILE = YES;
				MARKETING_VERSION = 1.0;
				PRODUCT_BUNDLE_IDENTIFIER = com.davidsilva.WeatherAppUITests;
				PRODUCT_NAME = "$(TARGET_NAME)";
				SWIFT_EMIT_LOC_STRINGS = NO;
				SWIFT_VERSION = 5.0;
				TARGETED_DEVICE_FAMILY = "1,2";
				TEST_TARGET_NAME = WeatherApp;
			};
			name = Release;
		};
/* End XCBuildConfiguration section */

/* Begin XCConfigurationList section */
		3054CD722AB0A50C00A352E8 /* Build configuration list for PBXProject "Weather" */ = {
			isa = XCConfigurationList;
			buildConfigurations = (
				3054CD9E2AB0A50E00A352E8 /* Debug */,
				3054CD9F2AB0A50E00A352E8 /* Release */,
			);
			defaultConfigurationIsVisible = 0;
			defaultConfigurationName = Release;
		};
		3054CDA02AB0A50E00A352E8 /* Build configuration list for PBXNativeTarget "Weather" */ = {
			isa = XCConfigurationList;
			buildConfigurations = (
				3054CDA12AB0A50E00A352E8 /* Debug */,
				3054CDA22AB0A50E00A352E8 /* Release */,
			);
			defaultConfigurationIsVisible = 0;
			defaultConfigurationName = Release;
		};
		3054CDA32AB0A50E00A352E8 /* Build configuration list for PBXNativeTarget "WeatherTests" */ = {
			isa = XCConfigurationList;
			buildConfigurations = (
				3054CDA42AB0A50E00A352E8 /* Debug */,
				3054CDA52AB0A50E00A352E8 /* Release */,
			);
			defaultConfigurationIsVisible = 0;
			defaultConfigurationName = Release;
		};
		3054CDA62AB0A50E00A352E8 /* Build configuration list for PBXNativeTarget "WeatherUITests" */ = {
			isa = XCConfigurationList;
			buildConfigurations = (
				3054CDA72AB0A50E00A352E8 /* Debug */,
				3054CDA82AB0A50E00A352E8 /* Release */,
			);
			defaultConfigurationIsVisible = 0;
			defaultConfigurationName = Release;
		};
/* End XCConfigurationList section */
	};
	rootObject = 3054CD6F2AB0A50C00A352E8 /* Project object */;
}
