// !$*UTF8*$!
{
	archiveVersion = 1;
	classes = {
	};
	objectVersion = 56;
	objects = {

/* Begin PBXBuildFile section */
		3054CD7B2AB0A50C00A352E8 /* WeatherApp.swift in Sources */ = {isa = PBXBuildFile; fileRef = 3054CD7A2AB0A50C00A352E8 /* WeatherApp.swift */; };
		3054CD7F2AB0A50E00A352E8 /* Assets.xcassets in Resources */ = {isa = PBXBuildFile; fileRef = 3054CD7E2AB0A50E00A352E8 /* Assets.xcassets */; };
		3054CDAA2AB0AA8400A352E8 /* CityListView.swift in Sources */ = {isa = PBXBuildFile; fileRef = 3054CDA92AB0AA8400A352E8 /* CityListView.swift */; };
		3054CDAC2AB0AA9300A352E8 /* CityDetailView.swift in Sources */ = {isa = PBXBuildFile; fileRef = 3054CDAB2AB0AA9300A352E8 /* CityDetailView.swift */; };
		3054CDB12AB1090F00A352E8 /* NetworkLayer.swift in Sources */ = {isa = PBXBuildFile; fileRef = 3054CDB02AB1090F00A352E8 /* NetworkLayer.swift */; };
		3054CDB32AB10A3800A352E8 /* City.swift in Sources */ = {isa = PBXBuildFile; fileRef = 3054CDB22AB10A3800A352E8 /* City.swift */; };
		3054CDB62AB10EAD00A352E8 /* CityListViewModel.swift in Sources */ = {isa = PBXBuildFile; fileRef = 3054CDB52AB10EAD00A352E8 /* CityListViewModel.swift */; };
		3054CDB82AB1B0B800A352E8 /* NetworkConfig.swift in Sources */ = {isa = PBXBuildFile; fileRef = 3054CDB72AB1B0B800A352E8 /* NetworkConfig.swift */; };
		3054CDBA2AB1BAAC00A352E8 /* RequestProtocol.swift in Sources */ = {isa = PBXBuildFile; fileRef = 3054CDB92AB1BAAC00A352E8 /* RequestProtocol.swift */; };
		3054CDBD2AB1BB2C00A352E8 /* ServiceLayer.swift in Sources */ = {isa = PBXBuildFile; fileRef = 3054CDBC2AB1BB2C00A352E8 /* ServiceLayer.swift */; };
		3054CDBF2AB1BB3D00A352E8 /* ServiceProtocol.swift in Sources */ = {isa = PBXBuildFile; fileRef = 3054CDBE2AB1BB3D00A352E8 /* ServiceProtocol.swift */; };
		3054CDC22AB1C61B00A352E8 /* CitiesRequest.swift in Sources */ = {isa = PBXBuildFile; fileRef = 3054CDC12AB1C61B00A352E8 /* CitiesRequest.swift */; };
		3054CDC42AB1D01800A352E8 /* ForecastRequest.swift in Sources */ = {isa = PBXBuildFile; fileRef = 3054CDC32AB1D01800A352E8 /* ForecastRequest.swift */; };
		3054CDC62AB1D28F00A352E8 /* WeatherInfo.swift in Sources */ = {isa = PBXBuildFile; fileRef = 3054CDC52AB1D28F00A352E8 /* WeatherInfo.swift */; };
		3054CDC82AB1D31800A352E8 /* MainWeatherInfo.swift in Sources */ = {isa = PBXBuildFile; fileRef = 3054CDC72AB1D31800A352E8 /* MainWeatherInfo.swift */; };
		3054CDCA2AB1D48000A352E8 /* CityWeather.swift in Sources */ = {isa = PBXBuildFile; fileRef = 3054CDC92AB1D48000A352E8 /* CityWeather.swift */; };
		3054CDCC2AB1D79C00A352E8 /* Forecast.swift in Sources */ = {isa = PBXBuildFile; fileRef = 3054CDCB2AB1D79C00A352E8 /* Forecast.swift */; };
		3054CDCE2AB1DCC700A352E8 /* SettingsView.swift in Sources */ = {isa = PBXBuildFile; fileRef = 3054CDCD2AB1DCC700A352E8 /* SettingsView.swift */; };
		3054CDD02AB1FA0A00A352E8 /* Sheet.swift in Sources */ = {isa = PBXBuildFile; fileRef = 3054CDCF2AB1FA0A00A352E8 /* Sheet.swift */; };
		3054CDD22AB1FA5C00A352E8 /* ErrorAlert.swift in Sources */ = {isa = PBXBuildFile; fileRef = 3054CDD12AB1FA5C00A352E8 /* ErrorAlert.swift */; };
		3054CDD42AB1FDEB00A352E8 /* Loading.swift in Sources */ = {isa = PBXBuildFile; fileRef = 3054CDD32AB1FDEB00A352E8 /* Loading.swift */; };
		3054CDD62AB1FF6A00A352E8 /* CityDetailViewModel.swift in Sources */ = {isa = PBXBuildFile; fileRef = 3054CDD52AB1FF6A00A352E8 /* CityDetailViewModel.swift */; };
		3054CDD82AB2191300A352E8 /* ImageRequest.swift in Sources */ = {isa = PBXBuildFile; fileRef = 3054CDD72AB2191300A352E8 /* ImageRequest.swift */; };
		3054CDDA2AB21D7700A352E8 /* ImageLoader.swift in Sources */ = {isa = PBXBuildFile; fileRef = 3054CDD92AB21D7700A352E8 /* ImageLoader.swift */; };
		3054CDDD2AB2433000A352E8 /* RemoteImage.swift in Sources */ = {isa = PBXBuildFile; fileRef = 3054CDDC2AB2433000A352E8 /* RemoteImage.swift */; };
		3054CDDF2AB2436C00A352E8 /* WeatherImage.swift in Sources */ = {isa = PBXBuildFile; fileRef = 3054CDDE2AB2436C00A352E8 /* WeatherImage.swift */; };
		3054CDE12AB2454100A352E8 /* CloseButton.swift in Sources */ = {isa = PBXBuildFile; fileRef = 3054CDE02AB2454100A352E8 /* CloseButton.swift */; };
		3054CDE42AB25BE000A352E8 /* CityWeatherDayCell.swift in Sources */ = {isa = PBXBuildFile; fileRef = 3054CDE32AB25BE000A352E8 /* CityWeatherDayCell.swift */; };
		3054CDE72AB25C6500A352E8 /* MockData.swift in Sources */ = {isa = PBXBuildFile; fileRef = 3054CDE62AB25C6500A352E8 /* MockData.swift */; };
		3054CDE92AB2F82C00A352E8 /* WeatherDay.swift in Sources */ = {isa = PBXBuildFile; fileRef = 3054CDE82AB2F82C00A352E8 /* WeatherDay.swift */; };
		3054CDEC2AB2F86100A352E8 /* DayForecast.swift in Sources */ = {isa = PBXBuildFile; fileRef = 3054CDEB2AB2F86100A352E8 /* DayForecast.swift */; };
		3054CDEE2AB3241A00A352E8 /* Background.swift in Sources */ = {isa = PBXBuildFile; fileRef = 3054CDED2AB3241A00A352E8 /* Background.swift */; };
		3054CDF02AB3264600A352E8 /* WeatherForecast.swift in Sources */ = {isa = PBXBuildFile; fileRef = 3054CDEF2AB3264600A352E8 /* WeatherForecast.swift */; };
		3054CDF42AB358F800A352E8 /* Map.swift in Sources */ = {isa = PBXBuildFile; fileRef = 3054CDF32AB358F800A352E8 /* Map.swift */; };
		3054CDFA2AB3680600A352E8 /* EmptyCityListView.swift in Sources */ = {isa = PBXBuildFile; fileRef = 3054CDF92AB3680600A352E8 /* EmptyCityListView.swift */; };
		3054CDFC2AB36AF800A352E8 /* Unit.swift in Sources */ = {isa = PBXBuildFile; fileRef = 3054CDFB2AB36AF800A352E8 /* Unit.swift */; };
		3054CDFE2AB36E0500A352E8 /* Settings.swift in Sources */ = {isa = PBXBuildFile; fileRef = 3054CDFD2AB36E0500A352E8 /* Settings.swift */; };
		3054CE122AB3A6ED00A352E8 /* CityDetailViewModelTests.swift in Sources */ = {isa = PBXBuildFile; fileRef = 3054CE022AB3A5E200A352E8 /* CityDetailViewModelTests.swift */; };
		3054CE152AB4A34B00A352E8 /* Cities.xcdatamodeld in Sources */ = {isa = PBXBuildFile; fileRef = 3054CE132AB4A34B00A352E8 /* Cities.xcdatamodeld */; };
		3054CE172AB4A7D800A352E8 /* CityDetail.swift in Sources */ = {isa = PBXBuildFile; fileRef = 3054CE162AB4A7D800A352E8 /* CityDetail.swift */; };
		3054CE222AB4B7C400A352E8 /* CoreDataService.swift in Sources */ = {isa = PBXBuildFile; fileRef = 3054CE212AB4B7C400A352E8 /* CoreDataService.swift */; };
		3054CE262AB620D900A352E8 /* Navigation.swift in Sources */ = {isa = PBXBuildFile; fileRef = 3054CE252AB620D900A352E8 /* Navigation.swift */; };
/* End PBXBuildFile section */

/* Begin PBXContainerItemProxy section */
		3054CE0C2AB3A6DE00A352E8 /* PBXContainerItemProxy */ = {
			isa = PBXContainerItemProxy;
			containerPortal = 3054CD6F2AB0A50C00A352E8 /* Project object */;
			proxyType = 1;
			remoteGlobalIDString = 3054CD762AB0A50C00A352E8;
			remoteInfo = Weather;
		};
/* End PBXContainerItemProxy section */

/* Begin PBXFileReference section */
		3054CD772AB0A50C00A352E8 /* Weather.app */ = {isa = PBXFileReference; explicitFileType = wrapper.application; includeInIndex = 0; path = Weather.app; sourceTree = BUILT_PRODUCTS_DIR; };
		3054CD7A2AB0A50C00A352E8 /* WeatherApp.swift */ = {isa = PBXFileReference; lastKnownFileType = sourcecode.swift; path = WeatherApp.swift; sourceTree = "<group>"; };
		3054CD7E2AB0A50E00A352E8 /* Assets.xcassets */ = {isa = PBXFileReference; lastKnownFileType = folder.assetcatalog; path = Assets.xcassets; sourceTree = "<group>"; };
		3054CDA92AB0AA8400A352E8 /* CityListView.swift */ = {isa = PBXFileReference; lastKnownFileType = sourcecode.swift; path = CityListView.swift; sourceTree = "<group>"; };
		3054CDAB2AB0AA9300A352E8 /* CityDetailView.swift */ = {isa = PBXFileReference; lastKnownFileType = sourcecode.swift; path = CityDetailView.swift; sourceTree = "<group>"; };
		3054CDB02AB1090F00A352E8 /* NetworkLayer.swift */ = {isa = PBXFileReference; lastKnownFileType = sourcecode.swift; path = NetworkLayer.swift; sourceTree = "<group>"; };
		3054CDB22AB10A3800A352E8 /* City.swift */ = {isa = PBXFileReference; lastKnownFileType = sourcecode.swift; path = City.swift; sourceTree = "<group>"; };
		3054CDB52AB10EAD00A352E8 /* CityListViewModel.swift */ = {isa = PBXFileReference; lastKnownFileType = sourcecode.swift; path = CityListViewModel.swift; sourceTree = "<group>"; };
		3054CDB72AB1B0B800A352E8 /* NetworkConfig.swift */ = {isa = PBXFileReference; lastKnownFileType = sourcecode.swift; path = NetworkConfig.swift; sourceTree = "<group>"; };
		3054CDB92AB1BAAC00A352E8 /* RequestProtocol.swift */ = {isa = PBXFileReference; lastKnownFileType = sourcecode.swift; path = RequestProtocol.swift; sourceTree = "<group>"; };
		3054CDBC2AB1BB2C00A352E8 /* ServiceLayer.swift */ = {isa = PBXFileReference; lastKnownFileType = sourcecode.swift; path = ServiceLayer.swift; sourceTree = "<group>"; };
		3054CDBE2AB1BB3D00A352E8 /* ServiceProtocol.swift */ = {isa = PBXFileReference; lastKnownFileType = sourcecode.swift; path = ServiceProtocol.swift; sourceTree = "<group>"; };
		3054CDC12AB1C61B00A352E8 /* CitiesRequest.swift */ = {isa = PBXFileReference; lastKnownFileType = sourcecode.swift; path = CitiesRequest.swift; sourceTree = "<group>"; };
		3054CDC32AB1D01800A352E8 /* ForecastRequest.swift */ = {isa = PBXFileReference; lastKnownFileType = sourcecode.swift; path = ForecastRequest.swift; sourceTree = "<group>"; };
		3054CDC52AB1D28F00A352E8 /* WeatherInfo.swift */ = {isa = PBXFileReference; lastKnownFileType = sourcecode.swift; path = WeatherInfo.swift; sourceTree = "<group>"; };
		3054CDC72AB1D31800A352E8 /* MainWeatherInfo.swift */ = {isa = PBXFileReference; lastKnownFileType = sourcecode.swift; path = MainWeatherInfo.swift; sourceTree = "<group>"; };
		3054CDC92AB1D48000A352E8 /* CityWeather.swift */ = {isa = PBXFileReference; lastKnownFileType = sourcecode.swift; path = CityWeather.swift; sourceTree = "<group>"; };
		3054CDCB2AB1D79C00A352E8 /* Forecast.swift */ = {isa = PBXFileReference; lastKnownFileType = sourcecode.swift; path = Forecast.swift; sourceTree = "<group>"; };
		3054CDCD2AB1DCC700A352E8 /* SettingsView.swift */ = {isa = PBXFileReference; lastKnownFileType = sourcecode.swift; path = SettingsView.swift; sourceTree = "<group>"; };
		3054CDCF2AB1FA0A00A352E8 /* Sheet.swift */ = {isa = PBXFileReference; lastKnownFileType = sourcecode.swift; path = Sheet.swift; sourceTree = "<group>"; };
		3054CDD12AB1FA5C00A352E8 /* ErrorAlert.swift */ = {isa = PBXFileReference; lastKnownFileType = sourcecode.swift; path = ErrorAlert.swift; sourceTree = "<group>"; };
		3054CDD32AB1FDEB00A352E8 /* Loading.swift */ = {isa = PBXFileReference; lastKnownFileType = sourcecode.swift; path = Loading.swift; sourceTree = "<group>"; };
		3054CDD52AB1FF6A00A352E8 /* CityDetailViewModel.swift */ = {isa = PBXFileReference; lastKnownFileType = sourcecode.swift; path = CityDetailViewModel.swift; sourceTree = "<group>"; };
		3054CDD72AB2191300A352E8 /* ImageRequest.swift */ = {isa = PBXFileReference; lastKnownFileType = sourcecode.swift; path = ImageRequest.swift; sourceTree = "<group>"; };
		3054CDD92AB21D7700A352E8 /* ImageLoader.swift */ = {isa = PBXFileReference; lastKnownFileType = sourcecode.swift; path = ImageLoader.swift; sourceTree = "<group>"; };
		3054CDDC2AB2433000A352E8 /* RemoteImage.swift */ = {isa = PBXFileReference; lastKnownFileType = sourcecode.swift; path = RemoteImage.swift; sourceTree = "<group>"; };
		3054CDDE2AB2436C00A352E8 /* WeatherImage.swift */ = {isa = PBXFileReference; lastKnownFileType = sourcecode.swift; path = WeatherImage.swift; sourceTree = "<group>"; };
		3054CDE02AB2454100A352E8 /* CloseButton.swift */ = {isa = PBXFileReference; lastKnownFileType = sourcecode.swift; path = CloseButton.swift; sourceTree = "<group>"; };
		3054CDE32AB25BE000A352E8 /* CityWeatherDayCell.swift */ = {isa = PBXFileReference; lastKnownFileType = sourcecode.swift; path = CityWeatherDayCell.swift; sourceTree = "<group>"; };
		3054CDE62AB25C6500A352E8 /* MockData.swift */ = {isa = PBXFileReference; lastKnownFileType = sourcecode.swift; path = MockData.swift; sourceTree = "<group>"; };
		3054CDE82AB2F82C00A352E8 /* WeatherDay.swift */ = {isa = PBXFileReference; lastKnownFileType = sourcecode.swift; path = WeatherDay.swift; sourceTree = "<group>"; };
		3054CDEB2AB2F86100A352E8 /* DayForecast.swift */ = {isa = PBXFileReference; lastKnownFileType = sourcecode.swift; path = DayForecast.swift; sourceTree = "<group>"; };
		3054CDED2AB3241A00A352E8 /* Background.swift */ = {isa = PBXFileReference; lastKnownFileType = sourcecode.swift; path = Background.swift; sourceTree = "<group>"; };
		3054CDEF2AB3264600A352E8 /* WeatherForecast.swift */ = {isa = PBXFileReference; lastKnownFileType = sourcecode.swift; path = WeatherForecast.swift; sourceTree = "<group>"; };
		3054CDF32AB358F800A352E8 /* Map.swift */ = {isa = PBXFileReference; lastKnownFileType = sourcecode.swift; path = Map.swift; sourceTree = "<group>"; };
		3054CDF92AB3680600A352E8 /* EmptyCityListView.swift */ = {isa = PBXFileReference; lastKnownFileType = sourcecode.swift; path = EmptyCityListView.swift; sourceTree = "<group>"; };
		3054CDFB2AB36AF800A352E8 /* Unit.swift */ = {isa = PBXFileReference; lastKnownFileType = sourcecode.swift; path = Unit.swift; sourceTree = "<group>"; };
		3054CDFD2AB36E0500A352E8 /* Settings.swift */ = {isa = PBXFileReference; lastKnownFileType = sourcecode.swift; path = Settings.swift; sourceTree = "<group>"; };
		3054CE022AB3A5E200A352E8 /* CityDetailViewModelTests.swift */ = {isa = PBXFileReference; lastKnownFileType = sourcecode.swift; path = CityDetailViewModelTests.swift; sourceTree = "<group>"; };
		3054CE082AB3A6DE00A352E8 /* WeatherTests.xctest */ = {isa = PBXFileReference; explicitFileType = wrapper.cfbundle; includeInIndex = 0; path = WeatherTests.xctest; sourceTree = BUILT_PRODUCTS_DIR; };
		3054CE142AB4A34B00A352E8 /* Cities.xcdatamodel */ = {isa = PBXFileReference; lastKnownFileType = wrapper.xcdatamodel; path = Cities.xcdatamodel; sourceTree = "<group>"; };
		3054CE162AB4A7D800A352E8 /* CityDetail.swift */ = {isa = PBXFileReference; lastKnownFileType = sourcecode.swift; path = CityDetail.swift; sourceTree = "<group>"; };
		3054CE212AB4B7C400A352E8 /* CoreDataService.swift */ = {isa = PBXFileReference; lastKnownFileType = sourcecode.swift; path = CoreDataService.swift; sourceTree = "<group>"; };
		3054CE252AB620D900A352E8 /* Navigation.swift */ = {isa = PBXFileReference; lastKnownFileType = sourcecode.swift; path = Navigation.swift; sourceTree = "<group>"; };
/* End PBXFileReference section */

/* Begin PBXFrameworksBuildPhase section */
		3054CD742AB0A50C00A352E8 /* Frameworks */ = {
			isa = PBXFrameworksBuildPhase;
			buildActionMask = 2147483647;
			files = (
			);
			runOnlyForDeploymentPostprocessing = 0;
		};
		3054CE052AB3A6DE00A352E8 /* Frameworks */ = {
			isa = PBXFrameworksBuildPhase;
			buildActionMask = 2147483647;
			files = (
			);
			runOnlyForDeploymentPostprocessing = 0;
		};
/* End PBXFrameworksBuildPhase section */

/* Begin PBXGroup section */
		3054CD6E2AB0A50C00A352E8 = {
			isa = PBXGroup;
			children = (
				3054CD792AB0A50C00A352E8 /* Weather */,
				3054CE092AB3A6DE00A352E8 /* WeatherTests */,
				3054CD782AB0A50C00A352E8 /* Products */,
			);
			sourceTree = "<group>";
		};
		3054CD782AB0A50C00A352E8 /* Products */ = {
			isa = PBXGroup;
			children = (
				3054CD772AB0A50C00A352E8 /* Weather.app */,
				3054CE082AB3A6DE00A352E8 /* WeatherTests.xctest */,
			);
			name = Products;
			sourceTree = "<group>";
		};
		3054CD792AB0A50C00A352E8 /* Weather */ = {
			isa = PBXGroup;
			children = (
				3054CD7A2AB0A50C00A352E8 /* WeatherApp.swift */,
				3054CE232AB620B300A352E8 /* Environment */,
				3054CDAF2AB108F700A352E8 /* Network */,
				3054CE182AB4A96000A352E8 /* CoreData */,
				3054CDB42AB10E9300A352E8 /* ViewModel */,
				3054CDAE2AB0B3B600A352E8 /* View */,
				3054CDAD2AB0B3AC00A352E8 /* Model */,
				3054CD7E2AB0A50E00A352E8 /* Assets.xcassets */,
			);
			path = Weather;
			sourceTree = "<group>";
		};
		3054CDAD2AB0B3AC00A352E8 /* Model */ = {
			isa = PBXGroup;
			children = (
				3054CDB22AB10A3800A352E8 /* City.swift */,
				3054CDCB2AB1D79C00A352E8 /* Forecast.swift */,
				3054CDC92AB1D48000A352E8 /* CityWeather.swift */,
				3054CDC52AB1D28F00A352E8 /* WeatherInfo.swift */,
				3054CDC72AB1D31800A352E8 /* MainWeatherInfo.swift */,
				3054CDE82AB2F82C00A352E8 /* WeatherDay.swift */,
				3054CDEB2AB2F86100A352E8 /* DayForecast.swift */,
				3054CDEF2AB3264600A352E8 /* WeatherForecast.swift */,
				3054CDFB2AB36AF800A352E8 /* Unit.swift */,
				3054CE162AB4A7D800A352E8 /* CityDetail.swift */,
			);
			path = Model;
			sourceTree = "<group>";
		};
		3054CDAE2AB0B3B600A352E8 /* View */ = {
			isa = PBXGroup;
			children = (
				3054CDFF2AB36EC300A352E8 /* Screens */,
				3054CDF82AB367E700A352E8 /* Empty */,
				3054CDE22AB25BAE00A352E8 /* Cells */,
				3054CDDB2AB2430900A352E8 /* Common */,
			);
			path = View;
			sourceTree = "<group>";
		};
		3054CDAF2AB108F700A352E8 /* Network */ = {
			isa = PBXGroup;
			children = (
				3054CDBB2AB1BB1F00A352E8 /* Service */,
				3054CDC02AB1C5FE00A352E8 /* Requests */,
				3054CDB72AB1B0B800A352E8 /* NetworkConfig.swift */,
				3054CDB02AB1090F00A352E8 /* NetworkLayer.swift */,
			);
			path = Network;
			sourceTree = "<group>";
		};
		3054CDB42AB10E9300A352E8 /* ViewModel */ = {
			isa = PBXGroup;
			children = (
				3054CDB52AB10EAD00A352E8 /* CityListViewModel.swift */,
				3054CDD52AB1FF6A00A352E8 /* CityDetailViewModel.swift */,
				3054CDD92AB21D7700A352E8 /* ImageLoader.swift */,
			);
			path = ViewModel;
			sourceTree = "<group>";
		};
		3054CDBB2AB1BB1F00A352E8 /* Service */ = {
			isa = PBXGroup;
			children = (
				3054CDBC2AB1BB2C00A352E8 /* ServiceLayer.swift */,
				3054CDBE2AB1BB3D00A352E8 /* ServiceProtocol.swift */,
			);
			path = Service;
			sourceTree = "<group>";
		};
		3054CDC02AB1C5FE00A352E8 /* Requests */ = {
			isa = PBXGroup;
			children = (
				3054CDB92AB1BAAC00A352E8 /* RequestProtocol.swift */,
				3054CDC12AB1C61B00A352E8 /* CitiesRequest.swift */,
				3054CDC32AB1D01800A352E8 /* ForecastRequest.swift */,
				3054CDD72AB2191300A352E8 /* ImageRequest.swift */,
			);
			path = Requests;
			sourceTree = "<group>";
		};
		3054CDDB2AB2430900A352E8 /* Common */ = {
			isa = PBXGroup;
			children = (
				3054CDCF2AB1FA0A00A352E8 /* Sheet.swift */,
				3054CDD12AB1FA5C00A352E8 /* ErrorAlert.swift */,
				3054CDD32AB1FDEB00A352E8 /* Loading.swift */,
				3054CDDC2AB2433000A352E8 /* RemoteImage.swift */,
				3054CDDE2AB2436C00A352E8 /* WeatherImage.swift */,
				3054CDE02AB2454100A352E8 /* CloseButton.swift */,
				3054CDED2AB3241A00A352E8 /* Background.swift */,
				3054CDF32AB358F800A352E8 /* Map.swift */,
			);
			path = Common;
			sourceTree = "<group>";
		};
		3054CDE22AB25BAE00A352E8 /* Cells */ = {
			isa = PBXGroup;
			children = (
				3054CDE32AB25BE000A352E8 /* CityWeatherDayCell.swift */,
			);
			path = Cells;
			sourceTree = "<group>";
		};
		3054CDE52AB25C5500A352E8 /* Mock */ = {
			isa = PBXGroup;
			children = (
				3054CDE62AB25C6500A352E8 /* MockData.swift */,
			);
			path = Mock;
			sourceTree = "<group>";
		};
		3054CDF82AB367E700A352E8 /* Empty */ = {
			isa = PBXGroup;
			children = (
				3054CDF92AB3680600A352E8 /* EmptyCityListView.swift */,
			);
			path = Empty;
			sourceTree = "<group>";
		};
		3054CDFF2AB36EC300A352E8 /* Screens */ = {
			isa = PBXGroup;
			children = (
				3054CDA92AB0AA8400A352E8 /* CityListView.swift */,
				3054CDAB2AB0AA9300A352E8 /* CityDetailView.swift */,
				3054CDCD2AB1DCC700A352E8 /* SettingsView.swift */,
			);
			path = Screens;
			sourceTree = "<group>";
		};
		3054CE092AB3A6DE00A352E8 /* WeatherTests */ = {
			isa = PBXGroup;
			children = (
				3054CDE52AB25C5500A352E8 /* Mock */,
				3054CE022AB3A5E200A352E8 /* CityDetailViewModelTests.swift */,
			);
			path = WeatherTests;
			sourceTree = "<group>";
		};
		3054CE182AB4A96000A352E8 /* CoreData */ = {
			isa = PBXGroup;
			children = (
				3054CE132AB4A34B00A352E8 /* Cities.xcdatamodeld */,
				3054CE212AB4B7C400A352E8 /* CoreDataService.swift */,
			);
			path = CoreData;
			sourceTree = "<group>";
		};
		3054CE232AB620B300A352E8 /* Environment */ = {
			isa = PBXGroup;
			children = (
				3054CDFD2AB36E0500A352E8 /* Settings.swift */,
				3054CE252AB620D900A352E8 /* Navigation.swift */,
			);
			path = Environment;
			sourceTree = "<group>";
		};
/* End PBXGroup section */

/* Begin PBXNativeTarget section */
		3054CD762AB0A50C00A352E8 /* Weather */ = {
			isa = PBXNativeTarget;
			buildConfigurationList = 3054CDA02AB0A50E00A352E8 /* Build configuration list for PBXNativeTarget "Weather" */;
			buildPhases = (
				3054CD732AB0A50C00A352E8 /* Sources */,
				3054CD742AB0A50C00A352E8 /* Frameworks */,
				3054CD752AB0A50C00A352E8 /* Resources */,
			);
			buildRules = (
			);
			dependencies = (
			);
			name = Weather;
			productName = WeatherApp;
			productReference = 3054CD772AB0A50C00A352E8 /* Weather.app */;
			productType = "com.apple.product-type.application";
		};
		3054CE072AB3A6DE00A352E8 /* WeatherTests */ = {
			isa = PBXNativeTarget;
			buildConfigurationList = 3054CE0E2AB3A6DE00A352E8 /* Build configuration list for PBXNativeTarget "WeatherTests" */;
			buildPhases = (
				3054CE042AB3A6DE00A352E8 /* Sources */,
				3054CE052AB3A6DE00A352E8 /* Frameworks */,
				3054CE062AB3A6DE00A352E8 /* Resources */,
			);
			buildRules = (
			);
			dependencies = (
				3054CE0D2AB3A6DE00A352E8 /* PBXTargetDependency */,
			);
			name = WeatherTests;
			productName = WeatherTests;
			productReference = 3054CE082AB3A6DE00A352E8 /* WeatherTests.xctest */;
			productType = "com.apple.product-type.bundle.unit-test";
		};
/* End PBXNativeTarget section */

/* Begin PBXProject section */
		3054CD6F2AB0A50C00A352E8 /* Project object */ = {
			isa = PBXProject;
			attributes = {
				BuildIndependentTargetsInParallel = 1;
				LastSwiftUpdateCheck = 1430;
				LastUpgradeCheck = 1430;
				TargetAttributes = {
					3054CD762AB0A50C00A352E8 = {
						CreatedOnToolsVersion = 14.3.1;
					};
					3054CE072AB3A6DE00A352E8 = {
						CreatedOnToolsVersion = 14.3.1;
						TestTargetID = 3054CD762AB0A50C00A352E8;
					};
				};
			};
			buildConfigurationList = 3054CD722AB0A50C00A352E8 /* Build configuration list for PBXProject "Weather" */;
			compatibilityVersion = "Xcode 14.0";
			developmentRegion = en;
			hasScannedForEncodings = 0;
			knownRegions = (
				en,
				Base,
			);
			mainGroup = 3054CD6E2AB0A50C00A352E8;
			productRefGroup = 3054CD782AB0A50C00A352E8 /* Products */;
			projectDirPath = "";
			projectRoot = "";
			targets = (
				3054CD762AB0A50C00A352E8 /* Weather */,
				3054CE072AB3A6DE00A352E8 /* WeatherTests */,
			);
		};
/* End PBXProject section */

/* Begin PBXResourcesBuildPhase section */
		3054CD752AB0A50C00A352E8 /* Resources */ = {
			isa = PBXResourcesBuildPhase;
			buildActionMask = 2147483647;
			files = (
				3054CD7F2AB0A50E00A352E8 /* Assets.xcassets in Resources */,
			);
			runOnlyForDeploymentPostprocessing = 0;
		};
		3054CE062AB3A6DE00A352E8 /* Resources */ = {
			isa = PBXResourcesBuildPhase;
			buildActionMask = 2147483647;
			files = (
			);
			runOnlyForDeploymentPostprocessing = 0;
		};
/* End PBXResourcesBuildPhase section */

/* Begin PBXSourcesBuildPhase section */
		3054CD732AB0A50C00A352E8 /* Sources */ = {
			isa = PBXSourcesBuildPhase;
			buildActionMask = 2147483647;
			files = (
				3054CDCC2AB1D79C00A352E8 /* Forecast.swift in Sources */,
				3054CDD82AB2191300A352E8 /* ImageRequest.swift in Sources */,
				3054CDC42AB1D01800A352E8 /* ForecastRequest.swift in Sources */,
				3054CDDD2AB2433000A352E8 /* RemoteImage.swift in Sources */,
				3054CDB32AB10A3800A352E8 /* City.swift in Sources */,
				3054CDE72AB25C6500A352E8 /* MockData.swift in Sources */,
				3054CDD02AB1FA0A00A352E8 /* Sheet.swift in Sources */,
				3054CDF42AB358F800A352E8 /* Map.swift in Sources */,
				3054CDE12AB2454100A352E8 /* CloseButton.swift in Sources */,
				3054CE262AB620D900A352E8 /* Navigation.swift in Sources */,
				3054CDD22AB1FA5C00A352E8 /* ErrorAlert.swift in Sources */,
				3054CDAA2AB0AA8400A352E8 /* CityListView.swift in Sources */,
				3054CDB12AB1090F00A352E8 /* NetworkLayer.swift in Sources */,
				3054CDCE2AB1DCC700A352E8 /* SettingsView.swift in Sources */,
				3054CDBA2AB1BAAC00A352E8 /* RequestProtocol.swift in Sources */,
				3054CDB62AB10EAD00A352E8 /* CityListViewModel.swift in Sources */,
				3054CDAC2AB0AA9300A352E8 /* CityDetailView.swift in Sources */,
				3054CDC22AB1C61B00A352E8 /* CitiesRequest.swift in Sources */,
				3054CDFE2AB36E0500A352E8 /* Settings.swift in Sources */,
				3054CDC62AB1D28F00A352E8 /* WeatherInfo.swift in Sources */,
				3054CDD42AB1FDEB00A352E8 /* Loading.swift in Sources */,
				3054CDDA2AB21D7700A352E8 /* ImageLoader.swift in Sources */,
				3054CDCA2AB1D48000A352E8 /* CityWeather.swift in Sources */,
				3054CDFC2AB36AF800A352E8 /* Unit.swift in Sources */,
				3054CDE92AB2F82C00A352E8 /* WeatherDay.swift in Sources */,
				3054CDFA2AB3680600A352E8 /* EmptyCityListView.swift in Sources */,
				3054CDC82AB1D31800A352E8 /* MainWeatherInfo.swift in Sources */,
				3054CD7B2AB0A50C00A352E8 /* WeatherApp.swift in Sources */,
				3054CE222AB4B7C400A352E8 /* CoreDataService.swift in Sources */,
				3054CDF02AB3264600A352E8 /* WeatherForecast.swift in Sources */,
				3054CE152AB4A34B00A352E8 /* Cities.xcdatamodeld in Sources */,
				3054CDEC2AB2F86100A352E8 /* DayForecast.swift in Sources */,
				3054CDBD2AB1BB2C00A352E8 /* ServiceLayer.swift in Sources */,
				3054CDD62AB1FF6A00A352E8 /* CityDetailViewModel.swift in Sources */,
				3054CE172AB4A7D800A352E8 /* CityDetail.swift in Sources */,
				3054CDDF2AB2436C00A352E8 /* WeatherImage.swift in Sources */,
				3054CDB82AB1B0B800A352E8 /* NetworkConfig.swift in Sources */,
				3054CDE42AB25BE000A352E8 /* CityWeatherDayCell.swift in Sources */,
				3054CDEE2AB3241A00A352E8 /* Background.swift in Sources */,
				3054CDBF2AB1BB3D00A352E8 /* ServiceProtocol.swift in Sources */,
			);
			runOnlyForDeploymentPostprocessing = 0;
		};
		3054CE042AB3A6DE00A352E8 /* Sources */ = {
			isa = PBXSourcesBuildPhase;
			buildActionMask = 2147483647;
			files = (
				3054CE122AB3A6ED00A352E8 /* CityDetailViewModelTests.swift in Sources */,
			);
			runOnlyForDeploymentPostprocessing = 0;
		};
/* End PBXSourcesBuildPhase section */

/* Begin PBXTargetDependency section */
		3054CE0D2AB3A6DE00A352E8 /* PBXTargetDependency */ = {
			isa = PBXTargetDependency;
			target = 3054CD762AB0A50C00A352E8 /* Weather */;
			targetProxy = 3054CE0C2AB3A6DE00A352E8 /* PBXContainerItemProxy */;
		};
/* End PBXTargetDependency section */

/* Begin XCBuildConfiguration section */
		3054CD9E2AB0A50E00A352E8 /* Debug */ = {
			isa = XCBuildConfiguration;
			buildSettings = {
				ALWAYS_SEARCH_USER_PATHS = NO;
				CLANG_ANALYZER_NONNULL = YES;
				CLANG_ANALYZER_NUMBER_OBJECT_CONVERSION = YES_AGGRESSIVE;
				CLANG_CXX_LANGUAGE_STANDARD = "gnu++20";
				CLANG_ENABLE_MODULES = YES;
				CLANG_ENABLE_OBJC_ARC = YES;
				CLANG_ENABLE_OBJC_WEAK = YES;
				CLANG_WARN_BLOCK_CAPTURE_AUTORELEASING = YES;
				CLANG_WARN_BOOL_CONVERSION = YES;
				CLANG_WARN_COMMA = YES;
				CLANG_WARN_CONSTANT_CONVERSION = YES;
				CLANG_WARN_DEPRECATED_OBJC_IMPLEMENTATIONS = YES;
				CLANG_WARN_DIRECT_OBJC_ISA_USAGE = YES_ERROR;
				CLANG_WARN_DOCUMENTATION_COMMENTS = YES;
				CLANG_WARN_EMPTY_BODY = YES;
				CLANG_WARN_ENUM_CONVERSION = YES;
				CLANG_WARN_INFINITE_RECURSION = YES;
				CLANG_WARN_INT_CONVERSION = YES;
				CLANG_WARN_NON_LITERAL_NULL_CONVERSION = YES;
				CLANG_WARN_OBJC_IMPLICIT_RETAIN_SELF = YES;
				CLANG_WARN_OBJC_LITERAL_CONVERSION = YES;
				CLANG_WARN_OBJC_ROOT_CLASS = YES_ERROR;
				CLANG_WARN_QUOTED_INCLUDE_IN_FRAMEWORK_HEADER = YES;
				CLANG_WARN_RANGE_LOOP_ANALYSIS = YES;
				CLANG_WARN_STRICT_PROTOTYPES = YES;
				CLANG_WARN_SUSPICIOUS_MOVE = YES;
				CLANG_WARN_UNGUARDED_AVAILABILITY = YES_AGGRESSIVE;
				CLANG_WARN_UNREACHABLE_CODE = YES;
				CLANG_WARN__DUPLICATE_METHOD_MATCH = YES;
				COPY_PHASE_STRIP = NO;
				DEBUG_INFORMATION_FORMAT = dwarf;
				ENABLE_STRICT_OBJC_MSGSEND = YES;
				ENABLE_TESTABILITY = YES;
				GCC_C_LANGUAGE_STANDARD = gnu11;
				GCC_DYNAMIC_NO_PIC = NO;
				GCC_NO_COMMON_BLOCKS = YES;
				GCC_OPTIMIZATION_LEVEL = 0;
				GCC_PREPROCESSOR_DEFINITIONS = (
					"DEBUG=1",
					"$(inherited)",
				);
				GCC_WARN_64_TO_32_BIT_CONVERSION = YES;
				GCC_WARN_ABOUT_RETURN_TYPE = YES_ERROR;
				GCC_WARN_UNDECLARED_SELECTOR = YES;
				GCC_WARN_UNINITIALIZED_AUTOS = YES_AGGRESSIVE;
				GCC_WARN_UNUSED_FUNCTION = YES;
				GCC_WARN_UNUSED_VARIABLE = YES;
				IPHONEOS_DEPLOYMENT_TARGET = 16.0;
				MTL_ENABLE_DEBUG_INFO = INCLUDE_SOURCE;
				MTL_FAST_MATH = YES;
				ONLY_ACTIVE_ARCH = YES;
				SDKROOT = iphoneos;
				SWIFT_ACTIVE_COMPILATION_CONDITIONS = DEBUG;
				SWIFT_OPTIMIZATION_LEVEL = "-Onone";
			};
			name = Debug;
		};
		3054CD9F2AB0A50E00A352E8 /* Release */ = {
			isa = XCBuildConfiguration;
			buildSettings = {
				ALWAYS_SEARCH_USER_PATHS = NO;
				CLANG_ANALYZER_NONNULL = YES;
				CLANG_ANALYZER_NUMBER_OBJECT_CONVERSION = YES_AGGRESSIVE;
				CLANG_CXX_LANGUAGE_STANDARD = "gnu++20";
				CLANG_ENABLE_MODULES = YES;
				CLANG_ENABLE_OBJC_ARC = YES;
				CLANG_ENABLE_OBJC_WEAK = YES;
				CLANG_WARN_BLOCK_CAPTURE_AUTORELEASING = YES;
				CLANG_WARN_BOOL_CONVERSION = YES;
				CLANG_WARN_COMMA = YES;
				CLANG_WARN_CONSTANT_CONVERSION = YES;
				CLANG_WARN_DEPRECATED_OBJC_IMPLEMENTATIONS = YES;
				CLANG_WARN_DIRECT_OBJC_ISA_USAGE = YES_ERROR;
				CLANG_WARN_DOCUMENTATION_COMMENTS = YES;
				CLANG_WARN_EMPTY_BODY = YES;
				CLANG_WARN_ENUM_CONVERSION = YES;
				CLANG_WARN_INFINITE_RECURSION = YES;
				CLANG_WARN_INT_CONVERSION = YES;
				CLANG_WARN_NON_LITERAL_NULL_CONVERSION = YES;
				CLANG_WARN_OBJC_IMPLICIT_RETAIN_SELF = YES;
				CLANG_WARN_OBJC_LITERAL_CONVERSION = YES;
				CLANG_WARN_OBJC_ROOT_CLASS = YES_ERROR;
				CLANG_WARN_QUOTED_INCLUDE_IN_FRAMEWORK_HEADER = YES;
				CLANG_WARN_RANGE_LOOP_ANALYSIS = YES;
				CLANG_WARN_STRICT_PROTOTYPES = YES;
				CLANG_WARN_SUSPICIOUS_MOVE = YES;
				CLANG_WARN_UNGUARDED_AVAILABILITY = YES_AGGRESSIVE;
				CLANG_WARN_UNREACHABLE_CODE = YES;
				CLANG_WARN__DUPLICATE_METHOD_MATCH = YES;
				COPY_PHASE_STRIP = NO;
				DEBUG_INFORMATION_FORMAT = "dwarf-with-dsym";
				ENABLE_NS_ASSERTIONS = NO;
				ENABLE_STRICT_OBJC_MSGSEND = YES;
				GCC_C_LANGUAGE_STANDARD = gnu11;
				GCC_NO_COMMON_BLOCKS = YES;
				GCC_WARN_64_TO_32_BIT_CONVERSION = YES;
				GCC_WARN_ABOUT_RETURN_TYPE = YES_ERROR;
				GCC_WARN_UNDECLARED_SELECTOR = YES;
				GCC_WARN_UNINITIALIZED_AUTOS = YES_AGGRESSIVE;
				GCC_WARN_UNUSED_FUNCTION = YES;
				GCC_WARN_UNUSED_VARIABLE = YES;
				IPHONEOS_DEPLOYMENT_TARGET = 16.0;
				MTL_ENABLE_DEBUG_INFO = NO;
				MTL_FAST_MATH = YES;
				SDKROOT = iphoneos;
				SWIFT_COMPILATION_MODE = wholemodule;
				SWIFT_OPTIMIZATION_LEVEL = "-O";
				VALIDATE_PRODUCT = YES;
			};
			name = Release;
		};
		3054CDA12AB0A50E00A352E8 /* Debug */ = {
			isa = XCBuildConfiguration;
			buildSettings = {
				ASSETCATALOG_COMPILER_APPICON_NAME = AppIcon;
				CODE_SIGN_STYLE = Automatic;
				CURRENT_PROJECT_VERSION = 1;
				DEVELOPMENT_ASSET_PATHS = "\"Weather/Preview Content\"";
				DEVELOPMENT_TEAM = AD5867JV95;
				ENABLE_PREVIEWS = YES;
				GENERATE_INFOPLIST_FILE = YES;
				INFOPLIST_KEY_UIApplicationSceneManifest_Generation = YES;
				INFOPLIST_KEY_UIApplicationSupportsIndirectInputEvents = YES;
				INFOPLIST_KEY_UILaunchScreen_Generation = YES;
				INFOPLIST_KEY_UISupportedInterfaceOrientations_iPad = "UIInterfaceOrientationPortrait UIInterfaceOrientationPortraitUpsideDown UIInterfaceOrientationLandscapeLeft UIInterfaceOrientationLandscapeRight";
				INFOPLIST_KEY_UISupportedInterfaceOrientations_iPhone = "UIInterfaceOrientationPortrait UIInterfaceOrientationLandscapeLeft UIInterfaceOrientationLandscapeRight";
				LD_RUNPATH_SEARCH_PATHS = (
					"$(inherited)",
					"@executable_path/Frameworks",
				);
				MARKETING_VERSION = 1.0;
				PRODUCT_BUNDLE_IDENTIFIER = com.davidsilva.WeatherApp;
				PRODUCT_NAME = "$(TARGET_NAME)";
				SWIFT_EMIT_LOC_STRINGS = YES;
				SWIFT_VERSION = 5.0;
				TARGETED_DEVICE_FAMILY = "1,2";
			};
			name = Debug;
		};
		3054CDA22AB0A50E00A352E8 /* Release */ = {
			isa = XCBuildConfiguration;
			buildSettings = {
				ASSETCATALOG_COMPILER_APPICON_NAME = AppIcon;
				CODE_SIGN_STYLE = Automatic;
				CURRENT_PROJECT_VERSION = 1;
				DEVELOPMENT_ASSET_PATHS = "\"Weather/Preview Content\"";
				DEVELOPMENT_TEAM = AD5867JV95;
				ENABLE_PREVIEWS = YES;
				GENERATE_INFOPLIST_FILE = YES;
				INFOPLIST_KEY_UIApplicationSceneManifest_Generation = YES;
				INFOPLIST_KEY_UIApplicationSupportsIndirectInputEvents = YES;
				INFOPLIST_KEY_UILaunchScreen_Generation = YES;
				INFOPLIST_KEY_UISupportedInterfaceOrientations_iPad = "UIInterfaceOrientationPortrait UIInterfaceOrientationPortraitUpsideDown UIInterfaceOrientationLandscapeLeft UIInterfaceOrientationLandscapeRight";
				INFOPLIST_KEY_UISupportedInterfaceOrientations_iPhone = "UIInterfaceOrientationPortrait UIInterfaceOrientationLandscapeLeft UIInterfaceOrientationLandscapeRight";
				LD_RUNPATH_SEARCH_PATHS = (
					"$(inherited)",
					"@executable_path/Frameworks",
				);
				MARKETING_VERSION = 1.0;
				PRODUCT_BUNDLE_IDENTIFIER = com.davidsilva.WeatherApp;
				PRODUCT_NAME = "$(TARGET_NAME)";
				SWIFT_EMIT_LOC_STRINGS = YES;
				SWIFT_VERSION = 5.0;
				TARGETED_DEVICE_FAMILY = "1,2";
			};
			name = Release;
		};
		3054CE0F2AB3A6DE00A352E8 /* Debug */ = {
			isa = XCBuildConfiguration;
			buildSettings = {
				BUNDLE_LOADER = "$(TEST_HOST)";
				CODE_SIGN_STYLE = Automatic;
				CURRENT_PROJECT_VERSION = 1;
				DEVELOPMENT_TEAM = AD5867JV95;
				GENERATE_INFOPLIST_FILE = YES;
				MARKETING_VERSION = 1.0;
				PRODUCT_BUNDLE_IDENTIFIER = com.davidsilva.WeatherTests;
				PRODUCT_NAME = "$(TARGET_NAME)";
				SWIFT_EMIT_LOC_STRINGS = NO;
				SWIFT_VERSION = 5.0;
				TARGETED_DEVICE_FAMILY = "1,2";
				TEST_HOST = "$(BUILT_PRODUCTS_DIR)/Weather.app/$(BUNDLE_EXECUTABLE_FOLDER_PATH)/Weather";
			};
			name = Debug;
		};
		3054CE102AB3A6DE00A352E8 /* Release */ = {
			isa = XCBuildConfiguration;
			buildSettings = {
				BUNDLE_LOADER = "$(TEST_HOST)";
				CODE_SIGN_STYLE = Automatic;
				CURRENT_PROJECT_VERSION = 1;
				DEVELOPMENT_TEAM = AD5867JV95;
				GENERATE_INFOPLIST_FILE = YES;
				MARKETING_VERSION = 1.0;
				PRODUCT_BUNDLE_IDENTIFIER = com.davidsilva.WeatherTests;
				PRODUCT_NAME = "$(TARGET_NAME)";
				SWIFT_EMIT_LOC_STRINGS = NO;
				SWIFT_VERSION = 5.0;
				TARGETED_DEVICE_FAMILY = "1,2";
				TEST_HOST = "$(BUILT_PRODUCTS_DIR)/Weather.app/$(BUNDLE_EXECUTABLE_FOLDER_PATH)/Weather";
			};
			name = Release;
		};
/* End XCBuildConfiguration section */

/* Begin XCConfigurationList section */
		3054CD722AB0A50C00A352E8 /* Build configuration list for PBXProject "Weather" */ = {
			isa = XCConfigurationList;
			buildConfigurations = (
				3054CD9E2AB0A50E00A352E8 /* Debug */,
				3054CD9F2AB0A50E00A352E8 /* Release */,
			);
			defaultConfigurationIsVisible = 0;
			defaultConfigurationName = Release;
		};
		3054CDA02AB0A50E00A352E8 /* Build configuration list for PBXNativeTarget "Weather" */ = {
			isa = XCConfigurationList;
			buildConfigurations = (
				3054CDA12AB0A50E00A352E8 /* Debug */,
				3054CDA22AB0A50E00A352E8 /* Release */,
			);
			defaultConfigurationIsVisible = 0;
			defaultConfigurationName = Release;
		};
		3054CE0E2AB3A6DE00A352E8 /* Build configuration list for PBXNativeTarget "WeatherTests" */ = {
			isa = XCConfigurationList;
			buildConfigurations = (
				3054CE0F2AB3A6DE00A352E8 /* Debug */,
				3054CE102AB3A6DE00A352E8 /* Release */,
			);
			defaultConfigurationIsVisible = 0;
			defaultConfigurationName = Release;
		};
/* End XCConfigurationList section */

/* Begin XCVersionGroup section */
		3054CE132AB4A34B00A352E8 /* Cities.xcdatamodeld */ = {
			isa = XCVersionGroup;
			children = (
				3054CE142AB4A34B00A352E8 /* Cities.xcdatamodel */,
			);
			currentVersion = 3054CE142AB4A34B00A352E8 /* Cities.xcdatamodel */;
			path = Cities.xcdatamodeld;
			sourceTree = "<group>";
			versionGroupType = wrapper.xcdatamodel;
		};
/* End XCVersionGroup section */
	};
	rootObject = 3054CD6F2AB0A50C00A352E8 /* Project object */;
}
